// !$*UTF8*$!
{
	archiveVersion = 1;
	classes = {
	};
	objectVersion = 56;
	objects = {

/* Begin PBXBuildFile section */
		6334709E29F7F8D600A08D2D /* AppDelegate.swift in Sources */ = {isa = PBXBuildFile; fileRef = 6334709D29F7F8D600A08D2D /* AppDelegate.swift */; };
		633470A029F7F8D600A08D2D /* SceneDelegate.swift in Sources */ = {isa = PBXBuildFile; fileRef = 6334709F29F7F8D600A08D2D /* SceneDelegate.swift */; };
		633470A229F7F8D600A08D2D /* ViewController.swift in Sources */ = {isa = PBXBuildFile; fileRef = 633470A129F7F8D600A08D2D /* ViewController.swift */; };
		633470A529F7F8D600A08D2D /* Main.storyboard in Resources */ = {isa = PBXBuildFile; fileRef = 633470A329F7F8D600A08D2D /* Main.storyboard */; };
		633470A729F7F8D700A08D2D /* Assets.xcassets in Resources */ = {isa = PBXBuildFile; fileRef = 633470A629F7F8D700A08D2D /* Assets.xcassets */; };
		633470AA29F7F8D700A08D2D /* LaunchScreen.storyboard in Resources */ = {isa = PBXBuildFile; fileRef = 633470A829F7F8D700A08D2D /* LaunchScreen.storyboard */; };
		633C8F9B29FBD145002BDE89 /* FeedViewController.swift in Sources */ = {isa = PBXBuildFile; fileRef = 633C8F9A29FBD145002BDE89 /* FeedViewController.swift */; };
		633C8F9D29FCD000002BDE89 /* SleepViewController.swift in Sources */ = {isa = PBXBuildFile; fileRef = 633C8F9C29FCD000002BDE89 /* SleepViewController.swift */; };
		633C8F9F29FCD02E002BDE89 /* NappyViewController.swift in Sources */ = {isa = PBXBuildFile; fileRef = 633C8F9E29FCD02E002BDE89 /* NappyViewController.swift */; };
		633C8FA429FCF812002BDE89 /* GoogleService-Info.plist in Resources */ = {isa = PBXBuildFile; fileRef = 633C8FA329FCF812002BDE89 /* GoogleService-Info.plist */; };
		633C8FA629FCF94C002BDE89 /* FeedEvent.swift in Sources */ = {isa = PBXBuildFile; fileRef = 633C8FA529FCF94C002BDE89 /* FeedEvent.swift */; };
		633C8FAA29FD0E37002BDE89 /* SleepEvent.swift in Sources */ = {isa = PBXBuildFile; fileRef = 633C8FA929FD0E37002BDE89 /* SleepEvent.swift */; };
		633C8FAC29FD0E8C002BDE89 /* NappyEvent.swift in Sources */ = {isa = PBXBuildFile; fileRef = 633C8FAB29FD0E8C002BDE89 /* NappyEvent.swift */; };
		633C8FB029FD2D53002BDE89 /* HistoryTableViewCell.swift in Sources */ = {isa = PBXBuildFile; fileRef = 633C8FAF29FD2D53002BDE89 /* HistoryTableViewCell.swift */; };
		633C8FB429FD31B8002BDE89 /* BaseEvent.swift in Sources */ = {isa = PBXBuildFile; fileRef = 633C8FB329FD31B8002BDE89 /* BaseEvent.swift */; };
		633C8FB629FD4CAE002BDE89 /* FeedDetailViewController.swift in Sources */ = {isa = PBXBuildFile; fileRef = 633C8FB529FD4CAE002BDE89 /* FeedDetailViewController.swift */; };
		633C8FB829FD4CC3002BDE89 /* SleepDetailViewController.swift in Sources */ = {isa = PBXBuildFile; fileRef = 633C8FB729FD4CC3002BDE89 /* SleepDetailViewController.swift */; };
		633C8FBA29FD4CD4002BDE89 /* NappyDetailViewController.swift in Sources */ = {isa = PBXBuildFile; fileRef = 633C8FB929FD4CD4002BDE89 /* NappyDetailViewController.swift */; };
		633C8FBC29FD5D5B002BDE89 /* HistoryViewController.swift in Sources */ = {isa = PBXBuildFile; fileRef = 633C8FBB29FD5D5B002BDE89 /* HistoryViewController.swift */; };
		633CD7CE2A0BC90600846C0B /* AlarmViewController.swift in Sources */ = {isa = PBXBuildFile; fileRef = 633CD7CD2A0BC90600846C0B /* AlarmViewController.swift */; };
		637C178029FEBBD500F4C5A7 /* HomeViewController.swift in Sources */ = {isa = PBXBuildFile; fileRef = 637C177F29FEBBD500F4C5A7 /* HomeViewController.swift */; };
		637C178229FFC9FD00F4C5A7 /* SummaryViewController.swift in Sources */ = {isa = PBXBuildFile; fileRef = 637C178129FFC9FD00F4C5A7 /* SummaryViewController.swift */; };
		637C17852A0100B000F4C5A7 /* FirebaseFirestoreSwift in Frameworks */ = {isa = PBXBuildFile; productRef = 637C17842A0100B000F4C5A7 /* FirebaseFirestoreSwift */; };
		637C17872A0100B000F4C5A7 /* FirebaseStorage in Frameworks */ = {isa = PBXBuildFile; productRef = 637C17862A0100B000F4C5A7 /* FirebaseStorage */; };
/* End PBXBuildFile section */

/* Begin PBXFileReference section */
		6334709A29F7F8D600A08D2D /* KIT721 Assignment3.app */ = {isa = PBXFileReference; explicitFileType = wrapper.application; includeInIndex = 0; path = "KIT721 Assignment3.app"; sourceTree = BUILT_PRODUCTS_DIR; };
		6334709D29F7F8D600A08D2D /* AppDelegate.swift */ = {isa = PBXFileReference; lastKnownFileType = sourcecode.swift; path = AppDelegate.swift; sourceTree = "<group>"; };
		6334709F29F7F8D600A08D2D /* SceneDelegate.swift */ = {isa = PBXFileReference; lastKnownFileType = sourcecode.swift; path = SceneDelegate.swift; sourceTree = "<group>"; };
		633470A129F7F8D600A08D2D /* ViewController.swift */ = {isa = PBXFileReference; lastKnownFileType = sourcecode.swift; path = ViewController.swift; sourceTree = "<group>"; };
		633470A429F7F8D600A08D2D /* Base */ = {isa = PBXFileReference; lastKnownFileType = file.storyboard; name = Base; path = Base.lproj/Main.storyboard; sourceTree = "<group>"; };
		633470A629F7F8D700A08D2D /* Assets.xcassets */ = {isa = PBXFileReference; lastKnownFileType = folder.assetcatalog; path = Assets.xcassets; sourceTree = "<group>"; };
		633470A929F7F8D700A08D2D /* Base */ = {isa = PBXFileReference; lastKnownFileType = file.storyboard; name = Base; path = Base.lproj/LaunchScreen.storyboard; sourceTree = "<group>"; };
		633470AB29F7F8D700A08D2D /* Info.plist */ = {isa = PBXFileReference; lastKnownFileType = text.plist.xml; path = Info.plist; sourceTree = "<group>"; };
		633C8F9A29FBD145002BDE89 /* FeedViewController.swift */ = {isa = PBXFileReference; lastKnownFileType = sourcecode.swift; path = FeedViewController.swift; sourceTree = "<group>"; };
		633C8F9C29FCD000002BDE89 /* SleepViewController.swift */ = {isa = PBXFileReference; lastKnownFileType = sourcecode.swift; path = SleepViewController.swift; sourceTree = "<group>"; };
		633C8F9E29FCD02E002BDE89 /* NappyViewController.swift */ = {isa = PBXFileReference; lastKnownFileType = sourcecode.swift; path = NappyViewController.swift; sourceTree = "<group>"; };
		633C8FA329FCF812002BDE89 /* GoogleService-Info.plist */ = {isa = PBXFileReference; fileEncoding = 4; lastKnownFileType = text.plist.xml; path = "GoogleService-Info.plist"; sourceTree = "<group>"; };
		633C8FA529FCF94C002BDE89 /* FeedEvent.swift */ = {isa = PBXFileReference; lastKnownFileType = sourcecode.swift; path = FeedEvent.swift; sourceTree = "<group>"; };
		633C8FA929FD0E37002BDE89 /* SleepEvent.swift */ = {isa = PBXFileReference; lastKnownFileType = sourcecode.swift; path = SleepEvent.swift; sourceTree = "<group>"; };
		633C8FAB29FD0E8C002BDE89 /* NappyEvent.swift */ = {isa = PBXFileReference; lastKnownFileType = sourcecode.swift; path = NappyEvent.swift; sourceTree = "<group>"; };
		633C8FAF29FD2D53002BDE89 /* HistoryTableViewCell.swift */ = {isa = PBXFileReference; lastKnownFileType = sourcecode.swift; path = HistoryTableViewCell.swift; sourceTree = "<group>"; };
		633C8FB329FD31B8002BDE89 /* BaseEvent.swift */ = {isa = PBXFileReference; lastKnownFileType = sourcecode.swift; path = BaseEvent.swift; sourceTree = "<group>"; };
		633C8FB529FD4CAE002BDE89 /* FeedDetailViewController.swift */ = {isa = PBXFileReference; lastKnownFileType = sourcecode.swift; path = FeedDetailViewController.swift; sourceTree = "<group>"; };
		633C8FB729FD4CC3002BDE89 /* SleepDetailViewController.swift */ = {isa = PBXFileReference; lastKnownFileType = sourcecode.swift; path = SleepDetailViewController.swift; sourceTree = "<group>"; };
		633C8FB929FD4CD4002BDE89 /* NappyDetailViewController.swift */ = {isa = PBXFileReference; lastKnownFileType = sourcecode.swift; path = NappyDetailViewController.swift; sourceTree = "<group>"; };
		633C8FBB29FD5D5B002BDE89 /* HistoryViewController.swift */ = {isa = PBXFileReference; lastKnownFileType = sourcecode.swift; path = HistoryViewController.swift; sourceTree = "<group>"; };
		633CD7CD2A0BC90600846C0B /* AlarmViewController.swift */ = {isa = PBXFileReference; lastKnownFileType = sourcecode.swift; path = AlarmViewController.swift; sourceTree = "<group>"; };
		637C177F29FEBBD500F4C5A7 /* HomeViewController.swift */ = {isa = PBXFileReference; lastKnownFileType = sourcecode.swift; path = HomeViewController.swift; sourceTree = "<group>"; };
		637C178129FFC9FD00F4C5A7 /* SummaryViewController.swift */ = {isa = PBXFileReference; lastKnownFileType = sourcecode.swift; path = SummaryViewController.swift; sourceTree = "<group>"; };
/* End PBXFileReference section */

/* Begin PBXFrameworksBuildPhase section */
		6334709729F7F8D600A08D2D /* Frameworks */ = {
			isa = PBXFrameworksBuildPhase;
			buildActionMask = 2147483647;
			files = (
				637C17852A0100B000F4C5A7 /* FirebaseFirestoreSwift in Frameworks */,
				637C17872A0100B000F4C5A7 /* FirebaseStorage in Frameworks */,
			);
			runOnlyForDeploymentPostprocessing = 0;
		};
/* End PBXFrameworksBuildPhase section */

/* Begin PBXGroup section */
		6334709129F7F8D600A08D2D = {
			isa = PBXGroup;
			children = (
				633C8FB329FD31B8002BDE89 /* BaseEvent.swift */,
				633C8FAF29FD2D53002BDE89 /* HistoryTableViewCell.swift */,
				633C8FA529FCF94C002BDE89 /* FeedEvent.swift */,
				633C8FA929FD0E37002BDE89 /* SleepEvent.swift */,
				633C8FAB29FD0E8C002BDE89 /* NappyEvent.swift */,
				6334709C29F7F8D600A08D2D /* KIT721 Assignment3 */,
				6334709B29F7F8D600A08D2D /* Products */,
			);
			sourceTree = "<group>";
		};
		6334709B29F7F8D600A08D2D /* Products */ = {
			isa = PBXGroup;
			children = (
				6334709A29F7F8D600A08D2D /* KIT721 Assignment3.app */,
			);
			name = Products;
			sourceTree = "<group>";
		};
		6334709C29F7F8D600A08D2D /* KIT721 Assignment3 */ = {
			isa = PBXGroup;
			children = (
				633C8FA329FCF812002BDE89 /* GoogleService-Info.plist */,
				6334709D29F7F8D600A08D2D /* AppDelegate.swift */,
				633C8F9A29FBD145002BDE89 /* FeedViewController.swift */,
				6334709F29F7F8D600A08D2D /* SceneDelegate.swift */,
				633470A129F7F8D600A08D2D /* ViewController.swift */,
				633470A329F7F8D600A08D2D /* Main.storyboard */,
				633CD7CD2A0BC90600846C0B /* AlarmViewController.swift */,
				637C178129FFC9FD00F4C5A7 /* SummaryViewController.swift */,
				633C8FB529FD4CAE002BDE89 /* FeedDetailViewController.swift */,
				633C8FB729FD4CC3002BDE89 /* SleepDetailViewController.swift */,
				633C8FB929FD4CD4002BDE89 /* NappyDetailViewController.swift */,
				633C8FBB29FD5D5B002BDE89 /* HistoryViewController.swift */,
				637C177F29FEBBD500F4C5A7 /* HomeViewController.swift */,
				633C8F9C29FCD000002BDE89 /* SleepViewController.swift */,
				633C8F9E29FCD02E002BDE89 /* NappyViewController.swift */,
				633470A629F7F8D700A08D2D /* Assets.xcassets */,
				633470A829F7F8D700A08D2D /* LaunchScreen.storyboard */,
				633470AB29F7F8D700A08D2D /* Info.plist */,
			);
			path = "KIT721 Assignment3";
			sourceTree = "<group>";
		};
/* End PBXGroup section */

/* Begin PBXNativeTarget section */
		6334709929F7F8D600A08D2D /* KIT721 Assignment3 */ = {
			isa = PBXNativeTarget;
			buildConfigurationList = 633470AE29F7F8D700A08D2D /* Build configuration list for PBXNativeTarget "KIT721 Assignment3" */;
			buildPhases = (
				6334709629F7F8D600A08D2D /* Sources */,
				6334709729F7F8D600A08D2D /* Frameworks */,
				6334709829F7F8D600A08D2D /* Resources */,
			);
			buildRules = (
			);
			dependencies = (
			);
			name = "KIT721 Assignment3";
			packageProductDependencies = (
				637C17842A0100B000F4C5A7 /* FirebaseFirestoreSwift */,
				637C17862A0100B000F4C5A7 /* FirebaseStorage */,
			);
			productName = "KIT721 Assignment3";
			productReference = 6334709A29F7F8D600A08D2D /* KIT721 Assignment3.app */;
			productType = "com.apple.product-type.application";
		};
/* End PBXNativeTarget section */

/* Begin PBXProject section */
		6334709229F7F8D600A08D2D /* Project object */ = {
			isa = PBXProject;
			attributes = {
				BuildIndependentTargetsInParallel = 1;
				LastSwiftUpdateCheck = 1430;
				LastUpgradeCheck = 1430;
				TargetAttributes = {
					6334709929F7F8D600A08D2D = {
						CreatedOnToolsVersion = 14.3;
					};
				};
			};
			buildConfigurationList = 6334709529F7F8D600A08D2D /* Build configuration list for PBXProject "KIT721 Assignment3" */;
			compatibilityVersion = "Xcode 14.0";
			developmentRegion = en;
			hasScannedForEncodings = 0;
			knownRegions = (
				en,
				Base,
			);
			mainGroup = 6334709129F7F8D600A08D2D;
			packageReferences = (
				637C17832A0100B000F4C5A7 /* XCRemoteSwiftPackageReference "firebase-ios-sdk" */,
			);
			productRefGroup = 6334709B29F7F8D600A08D2D /* Products */;
			projectDirPath = "";
			projectRoot = "";
			targets = (
				6334709929F7F8D600A08D2D /* KIT721 Assignment3 */,
			);
		};
/* End PBXProject section */

/* Begin PBXResourcesBuildPhase section */
		6334709829F7F8D600A08D2D /* Resources */ = {
			isa = PBXResourcesBuildPhase;
			buildActionMask = 2147483647;
			files = (
				633470AA29F7F8D700A08D2D /* LaunchScreen.storyboard in Resources */,
				633C8FA429FCF812002BDE89 /* GoogleService-Info.plist in Resources */,
				633470A729F7F8D700A08D2D /* Assets.xcassets in Resources */,
				633470A529F7F8D600A08D2D /* Main.storyboard in Resources */,
			);
			runOnlyForDeploymentPostprocessing = 0;
		};
/* End PBXResourcesBuildPhase section */

/* Begin PBXSourcesBuildPhase section */
		6334709629F7F8D600A08D2D /* Sources */ = {
			isa = PBXSourcesBuildPhase;
			buildActionMask = 2147483647;
			files = (
				633470A229F7F8D600A08D2D /* ViewController.swift in Sources */,
				633C8FA629FCF94C002BDE89 /* FeedEvent.swift in Sources */,
				6334709E29F7F8D600A08D2D /* AppDelegate.swift in Sources */,
				633C8FB429FD31B8002BDE89 /* BaseEvent.swift in Sources */,
				633C8FBA29FD4CD4002BDE89 /* NappyDetailViewController.swift in Sources */,
				633C8FB629FD4CAE002BDE89 /* FeedDetailViewController.swift in Sources */,
				637C178229FFC9FD00F4C5A7 /* SummaryViewController.swift in Sources */,
				633C8F9D29FCD000002BDE89 /* SleepViewController.swift in Sources */,
				633C8FBC29FD5D5B002BDE89 /* HistoryViewController.swift in Sources */,
				633C8FAC29FD0E8C002BDE89 /* NappyEvent.swift in Sources */,
				633C8F9F29FCD02E002BDE89 /* NappyViewController.swift in Sources */,
				633C8FB829FD4CC3002BDE89 /* SleepDetailViewController.swift in Sources */,
				637C178029FEBBD500F4C5A7 /* HomeViewController.swift in Sources */,
				633C8F9B29FBD145002BDE89 /* FeedViewController.swift in Sources */,
				633CD7CE2A0BC90600846C0B /* AlarmViewController.swift in Sources */,
				633C8FB029FD2D53002BDE89 /* HistoryTableViewCell.swift in Sources */,
				633C8FAA29FD0E37002BDE89 /* SleepEvent.swift in Sources */,
				633470A029F7F8D600A08D2D /* SceneDelegate.swift in Sources */,
			);
			runOnlyForDeploymentPostprocessing = 0;
		};
/* End PBXSourcesBuildPhase section */

/* Begin PBXVariantGroup section */
		633470A329F7F8D600A08D2D /* Main.storyboard */ = {
			isa = PBXVariantGroup;
			children = (
				633470A429F7F8D600A08D2D /* Base */,
			);
			name = Main.storyboard;
			sourceTree = "<group>";
		};
		633470A829F7F8D700A08D2D /* LaunchScreen.storyboard */ = {
			isa = PBXVariantGroup;
			children = (
				633470A929F7F8D700A08D2D /* Base */,
			);
			name = LaunchScreen.storyboard;
			sourceTree = "<group>";
		};
/* End PBXVariantGroup section */

/* Begin XCBuildConfiguration section */
		633470AC29F7F8D700A08D2D /* Debug */ = {
			isa = XCBuildConfiguration;
			buildSettings = {
				ALWAYS_SEARCH_USER_PATHS = NO;
				CLANG_ANALYZER_NONNULL = YES;
				CLANG_ANALYZER_NUMBER_OBJECT_CONVERSION = YES_AGGRESSIVE;
				CLANG_CXX_LANGUAGE_STANDARD = "gnu++20";
				CLANG_ENABLE_MODULES = YES;
				CLANG_ENABLE_OBJC_ARC = YES;
				CLANG_ENABLE_OBJC_WEAK = YES;
				CLANG_WARN_BLOCK_CAPTURE_AUTORELEASING = YES;
				CLANG_WARN_BOOL_CONVERSION = YES;
				CLANG_WARN_COMMA = YES;
				CLANG_WARN_CONSTANT_CONVERSION = YES;
				CLANG_WARN_DEPRECATED_OBJC_IMPLEMENTATIONS = YES;
				CLANG_WARN_DIRECT_OBJC_ISA_USAGE = YES_ERROR;
				CLANG_WARN_DOCUMENTATION_COMMENTS = YES;
				CLANG_WARN_EMPTY_BODY = YES;
				CLANG_WARN_ENUM_CONVERSION = YES;
				CLANG_WARN_INFINITE_RECURSION = YES;
				CLANG_WARN_INT_CONVERSION = YES;
				CLANG_WARN_NON_LITERAL_NULL_CONVERSION = YES;
				CLANG_WARN_OBJC_IMPLICIT_RETAIN_SELF = YES;
				CLANG_WARN_OBJC_LITERAL_CONVERSION = YES;
				CLANG_WARN_OBJC_ROOT_CLASS = YES_ERROR;
				CLANG_WARN_QUOTED_INCLUDE_IN_FRAMEWORK_HEADER = YES;
				CLANG_WARN_RANGE_LOOP_ANALYSIS = YES;
				CLANG_WARN_STRICT_PROTOTYPES = YES;
				CLANG_WARN_SUSPICIOUS_MOVE = YES;
				CLANG_WARN_UNGUARDED_AVAILABILITY = YES_AGGRESSIVE;
				CLANG_WARN_UNREACHABLE_CODE = YES;
				CLANG_WARN__DUPLICATE_METHOD_MATCH = YES;
				COPY_PHASE_STRIP = NO;
				DEBUG_INFORMATION_FORMAT = dwarf;
				ENABLE_STRICT_OBJC_MSGSEND = YES;
				ENABLE_TESTABILITY = YES;
				GCC_C_LANGUAGE_STANDARD = gnu11;
				GCC_DYNAMIC_NO_PIC = NO;
				GCC_NO_COMMON_BLOCKS = YES;
				GCC_OPTIMIZATION_LEVEL = 0;
				GCC_PREPROCESSOR_DEFINITIONS = (
					"DEBUG=1",
					"$(inherited)",
				);
				GCC_WARN_64_TO_32_BIT_CONVERSION = YES;
				GCC_WARN_ABOUT_RETURN_TYPE = YES_ERROR;
				GCC_WARN_UNDECLARED_SELECTOR = YES;
				GCC_WARN_UNINITIALIZED_AUTOS = YES_AGGRESSIVE;
				GCC_WARN_UNUSED_FUNCTION = YES;
				GCC_WARN_UNUSED_VARIABLE = YES;
				IPHONEOS_DEPLOYMENT_TARGET = 16.4;
				MTL_ENABLE_DEBUG_INFO = INCLUDE_SOURCE;
				MTL_FAST_MATH = YES;
				ONLY_ACTIVE_ARCH = YES;
				SDKROOT = iphoneos;
				SWIFT_ACTIVE_COMPILATION_CONDITIONS = DEBUG;
				SWIFT_OPTIMIZATION_LEVEL = "-Onone";
			};
			name = Debug;
		};
		633470AD29F7F8D700A08D2D /* Release */ = {
			isa = XCBuildConfiguration;
			buildSettings = {
				ALWAYS_SEARCH_USER_PATHS = NO;
				CLANG_ANALYZER_NONNULL = YES;
				CLANG_ANALYZER_NUMBER_OBJECT_CONVERSION = YES_AGGRESSIVE;
				CLANG_CXX_LANGUAGE_STANDARD = "gnu++20";
				CLANG_ENABLE_MODULES = YES;
				CLANG_ENABLE_OBJC_ARC = YES;
				CLANG_ENABLE_OBJC_WEAK = YES;
				CLANG_WARN_BLOCK_CAPTURE_AUTORELEASING = YES;
				CLANG_WARN_BOOL_CONVERSION = YES;
				CLANG_WARN_COMMA = YES;
				CLANG_WARN_CONSTANT_CONVERSION = YES;
				CLANG_WARN_DEPRECATED_OBJC_IMPLEMENTATIONS = YES;
				CLANG_WARN_DIRECT_OBJC_ISA_USAGE = YES_ERROR;
				CLANG_WARN_DOCUMENTATION_COMMENTS = YES;
				CLANG_WARN_EMPTY_BODY = YES;
				CLANG_WARN_ENUM_CONVERSION = YES;
				CLANG_WARN_INFINITE_RECURSION = YES;
				CLANG_WARN_INT_CONVERSION = YES;
				CLANG_WARN_NON_LITERAL_NULL_CONVERSION = YES;
				CLANG_WARN_OBJC_IMPLICIT_RETAIN_SELF = YES;
				CLANG_WARN_OBJC_LITERAL_CONVERSION = YES;
				CLANG_WARN_OBJC_ROOT_CLASS = YES_ERROR;
				CLANG_WARN_QUOTED_INCLUDE_IN_FRAMEWORK_HEADER = YES;
				CLANG_WARN_RANGE_LOOP_ANALYSIS = YES;
				CLANG_WARN_STRICT_PROTOTYPES = YES;
				CLANG_WARN_SUSPICIOUS_MOVE = YES;
				CLANG_WARN_UNGUARDED_AVAILABILITY = YES_AGGRESSIVE;
				CLANG_WARN_UNREACHABLE_CODE = YES;
				CLANG_WARN__DUPLICATE_METHOD_MATCH = YES;
				COPY_PHASE_STRIP = NO;
				DEBUG_INFORMATION_FORMAT = "dwarf-with-dsym";
				ENABLE_NS_ASSERTIONS = NO;
				ENABLE_STRICT_OBJC_MSGSEND = YES;
				GCC_C_LANGUAGE_STANDARD = gnu11;
				GCC_NO_COMMON_BLOCKS = YES;
				GCC_WARN_64_TO_32_BIT_CONVERSION = YES;
				GCC_WARN_ABOUT_RETURN_TYPE = YES_ERROR;
				GCC_WARN_UNDECLARED_SELECTOR = YES;
				GCC_WARN_UNINITIALIZED_AUTOS = YES_AGGRESSIVE;
				GCC_WARN_UNUSED_FUNCTION = YES;
				GCC_WARN_UNUSED_VARIABLE = YES;
				IPHONEOS_DEPLOYMENT_TARGET = 16.4;
				MTL_ENABLE_DEBUG_INFO = NO;
				MTL_FAST_MATH = YES;
				SDKROOT = iphoneos;
				SWIFT_COMPILATION_MODE = wholemodule;
				SWIFT_OPTIMIZATION_LEVEL = "-O";
				VALIDATE_PRODUCT = YES;
			};
			name = Release;
		};
		633470AF29F7F8D700A08D2D /* Debug */ = {
			isa = XCBuildConfiguration;
			buildSettings = {
				ASSETCATALOG_COMPILER_APPICON_NAME = AppIcon;
				ASSETCATALOG_COMPILER_GLOBAL_ACCENT_COLOR_NAME = AccentColor;
				CODE_SIGN_STYLE = Automatic;
				CURRENT_PROJECT_VERSION = 1;
				GENERATE_INFOPLIST_FILE = YES;
				INFOPLIST_FILE = "KIT721 Assignment3/Info.plist";
				INFOPLIST_KEY_UIApplicationSupportsIndirectInputEvents = YES;
				INFOPLIST_KEY_UILaunchStoryboardName = LaunchScreen;
				INFOPLIST_KEY_UIMainStoryboardFile = Main;
				INFOPLIST_KEY_UISupportedInterfaceOrientations_iPad = "UIInterfaceOrientationPortrait UIInterfaceOrientationPortraitUpsideDown UIInterfaceOrientationLandscapeLeft UIInterfaceOrientationLandscapeRight";
				INFOPLIST_KEY_UISupportedInterfaceOrientations_iPhone = "UIInterfaceOrientationPortrait UIInterfaceOrientationLandscapeLeft UIInterfaceOrientationLandscapeRight";
				LD_RUNPATH_SEARCH_PATHS = (
					"$(inherited)",
					"@executable_path/Frameworks",
				);
				MARKETING_VERSION = 1.0;
				PRODUCT_BUNDLE_IDENTIFIER = au.edu.utas.kit721.ywang150;
				PRODUCT_NAME = "$(TARGET_NAME)";
				SWIFT_EMIT_LOC_STRINGS = YES;
				SWIFT_VERSION = 5.0;
				TARGETED_DEVICE_FAMILY = "1,2";
			};
			name = Debug;
		};
		633470B029F7F8D700A08D2D /* Release */ = {
			isa = XCBuildConfiguration;
			buildSettings = {
				ASSETCATALOG_COMPILER_APPICON_NAME = AppIcon;
				ASSETCATALOG_COMPILER_GLOBAL_ACCENT_COLOR_NAME = AccentColor;
				CODE_SIGN_STYLE = Automatic;
				CURRENT_PROJECT_VERSION = 1;
				GENERATE_INFOPLIST_FILE = YES;
				INFOPLIST_FILE = "KIT721 Assignment3/Info.plist";
				INFOPLIST_KEY_UIApplicationSupportsIndirectInputEvents = YES;
				INFOPLIST_KEY_UILaunchStoryboardName = LaunchScreen;
				INFOPLIST_KEY_UIMainStoryboardFile = Main;
				INFOPLIST_KEY_UISupportedInterfaceOrientations_iPad = "UIInterfaceOrientationPortrait UIInterfaceOrientationPortraitUpsideDown UIInterfaceOrientationLandscapeLeft UIInterfaceOrientationLandscapeRight";
				INFOPLIST_KEY_UISupportedInterfaceOrientations_iPhone = "UIInterfaceOrientationPortrait UIInterfaceOrientationLandscapeLeft UIInterfaceOrientationLandscapeRight";
				LD_RUNPATH_SEARCH_PATHS = (
					"$(inherited)",
					"@executable_path/Frameworks",
				);
				MARKETING_VERSION = 1.0;
				PRODUCT_BUNDLE_IDENTIFIER = au.edu.utas.kit721.ywang150;
				PRODUCT_NAME = "$(TARGET_NAME)";
				SWIFT_EMIT_LOC_STRINGS = YES;
				SWIFT_VERSION = 5.0;
				TARGETED_DEVICE_FAMILY = "1,2";
			};
			name = Release;
		};
/* End XCBuildConfiguration section */

/* Begin XCConfigurationList section */
		6334709529F7F8D600A08D2D /* Build configuration list for PBXProject "KIT721 Assignment3" */ = {
			isa = XCConfigurationList;
			buildConfigurations = (
				633470AC29F7F8D700A08D2D /* Debug */,
				633470AD29F7F8D700A08D2D /* Release */,
			);
			defaultConfigurationIsVisible = 0;
			defaultConfigurationName = Release;
		};
		633470AE29F7F8D700A08D2D /* Build configuration list for PBXNativeTarget "KIT721 Assignment3" */ = {
			isa = XCConfigurationList;
			buildConfigurations = (
				633470AF29F7F8D700A08D2D /* Debug */,
				633470B029F7F8D700A08D2D /* Release */,
			);
			defaultConfigurationIsVisible = 0;
			defaultConfigurationName = Release;
		};
/* End XCConfigurationList section */

/* Begin XCRemoteSwiftPackageReference section */
		637C17832A0100B000F4C5A7 /* XCRemoteSwiftPackageReference "firebase-ios-sdk" */ = {
			isa = XCRemoteSwiftPackageReference;
			repositoryURL = "https://github.com/firebase/firebase-ios-sdk";
			requirement = {
				kind = upToNextMajorVersion;
				minimumVersion = 10.0.0;
			};
		};
/* End XCRemoteSwiftPackageReference section */

/* Begin XCSwiftPackageProductDependency section */
		637C17842A0100B000F4C5A7 /* FirebaseFirestoreSwift */ = {
			isa = XCSwiftPackageProductDependency;
			package = 637C17832A0100B000F4C5A7 /* XCRemoteSwiftPackageReference "firebase-ios-sdk" */;
			productName = FirebaseFirestoreSwift;
		};
		637C17862A0100B000F4C5A7 /* FirebaseStorage */ = {
			isa = XCSwiftPackageProductDependency;
			package = 637C17832A0100B000F4C5A7 /* XCRemoteSwiftPackageReference "firebase-ios-sdk" */;
			productName = FirebaseStorage;
		};
/* End XCSwiftPackageProductDependency section */
	};
	rootObject = 6334709229F7F8D600A08D2D /* Project object */;
}
